{
  "name": "@ragnos/vault-env-interceptor",
  "version": "0.9.0",
  "lockfileVersion": 3,
  "requires": true,
  "packages": {
    "": {
      "name": "@ragnos/vault-env-interceptor",
      "version": "0.9.0",
      "license": "MIT",
      "bin": {
        "ragnos-vault": "dist/ragnos-vault-exec.cjs"
      },
      "devDependencies": {},
      "engines": {
        "node": ">=16.20 || >=18.16"
      }
    }
  }
}
